hash: 37cd0fb09a73d4c2ed5ad16ae819e0fc4867700e925874e716207e2014b20e38
updated: 2017-06-28T17:53:16.188671155-03:00
imports:
- name: github.com/coreos/go-systemd
  version: 24036eb3df68550d24a2736c5d013f4e83366866
  subpackages:
  - activation
- name: github.com/docker/go-connections
  version: a2afab9802043837035592f1c24827fb70766de9
  subpackages:
  - sockets
- name: github.com/docker/go-plugins-helpers
  version: abb3e589c0322ddc019c2ec5f587ea0df2024869
  subpackages:
  - sdk
  - volume
- name: github.com/Microsoft/go-winio
  version: fff283ad5116362ca252298cfc9b95828956d85d
- name: github.com/pkg/errors
  version: 645ef00459ed84a119197bfb8d8205042c6df63d
- name: github.com/sirupsen/logrus
  version: 202f25545ea4cf9b191ff7f846df5d87c9382c2b
- name: github.com/stretchr/testify
  version: 69483b4bd14f5845b5a1e55bca19e954e827f1d0
  subpackages:
  - assert
- name: github.com/ventu-io/go-shortid
  version: 6c56cef5189ca1b3d5ef01dc07f4d611dfc0bb33
- name: golang.org/x/net
  version: 4876518f9e71663000c348837735820161a42df7
  subpackages:
  - proxy
- name: golang.org/x/sys
  version: 90796e5a05ce440b41c768bd9af257005e470461
  subpackages:
  - unix
  - windows
- name: gopkg.in/urfave/cli.v1
  version: 0bdeddeeb0f650497d603c4ad7b20cfe685682f6
testImports:
- name: github.com/davecgh/go-spew
  version: 6d212800a42e8ab5c146b8ace3490ee17e5225f9
  subpackages:
  - spew
- name: github.com/pmezard/go-difflib
  version: d8ed2627bdf02c080bf22230dbb337003b7aba2d
  subpackages:
  - difflib
